
Microsoft Visual Studio Solution File, Format Version 12.00
# Visual Studio Version 16
VisualStudioVersion = 16.0.31313.79
MinimumVisualStudioVersion = 10.0.40219.1
Project("{FAE04EC0-301F-11D3-BF4B-00C04F79EFBC}") = "bookstore-api", "bookstore-api\bookstore-api.csproj", "{65E90CA5-94B6-4FB8-A34C-B76934FFDF94}"
EndProject
Global
	GlobalSection(SolutionConfigurationPlatforms) = preSolution
		Debug|Any CPU = Debug|Any CPU
		Release|Any CPU = Release|Any CPU
	EndGlobalSection
	GlobalSection(ProjectConfigurationPlatforms) = postSolution
		{65E90CA5-94B6-4FB8-A34C-B76934FFDF94}.Debug|Any CPU.ActiveCfg = Debug|Any CPU
		{65E90CA5-94B6-4FB8-A34C-B76934FFDF94}.Debug|Any CPU.Build.0 = Debug|Any CPU
		{65E90CA5-94B6-4FB8-A34C-B76934FFDF94}.Release|Any CPU.ActiveCfg = Release|Any CPU
		{65E90CA5-94B6-4FB8-A34C-B76934FFDF94}.Release|Any CPU.Build.0 = Release|Any CPU
	EndGlobalSection
	GlobalSection(SolutionProperties) = preSolution
		HideSolutionNode = FALSE
	EndGlobalSection
	GlobalSection(ExtensibilityGlobals) = postSolution
		SolutionGuid = {5C9CDF09-3E95-4EB7-853F-029A48F348F2}
	EndGlobalSection
EndGlobal
